
Microsoft Visual Studio Solution File, Format Version 12.00
# Visual Studio Version 17
VisualStudioVersion = 17.5.002.0
MinimumVisualStudioVersion = 10.0.40219.1
Project("{9A19103F-16F7-4668-BE54-9A1E7A4F7556}") = "PortfolioProjects", "PortfolioProjects.csproj", "{06A8FF10-F23D-46A1-891F-D096B8A3D10A}"
EndProject
Global
	GlobalSection(SolutionConfigurationPlatforms) = preSolution
		Debug|Any CPU = Debug|Any CPU
		Release|Any CPU = Release|Any CPU
	EndGlobalSection
	GlobalSection(ProjectConfigurationPlatforms) = postSolution
		{06A8FF10-F23D-46A1-891F-D096B8A3D10A}.Debug|Any CPU.ActiveCfg = Debug|Any CPU
		{06A8FF10-F23D-46A1-891F-D096B8A3D10A}.Debug|Any CPU.Build.0 = Debug|Any CPU
		{06A8FF10-F23D-46A1-891F-D096B8A3D10A}.Release|Any CPU.ActiveCfg = Release|Any CPU
		{06A8FF10-F23D-46A1-891F-D096B8A3D10A}.Release|Any CPU.Build.0 = Release|Any CPU
	EndGlobalSection
	GlobalSection(SolutionProperties) = preSolution
		HideSolutionNode = FALSE
	EndGlobalSection
	GlobalSection(ExtensibilityGlobals) = postSolution
		SolutionGuid = {3EE36036-8F60-4B31-BF1E-187E79D1E66F}
	EndGlobalSection
EndGlobal
